{
  "name": "sr-link-selenium-bdd-testing",
  "version": "1.0.0",
  "lockfileVersion": 3,
  "requires": true,
  "packages": {
    "": {
      "name": "sr-link-selenium-bdd-testing",
      "version": "1.0.0",
      "devDependencies": {
        "historical-analytics-dashboard": "file:../.."
      }
    },
    "../..": {
      "name": "historical-analytics-dashboard",
      "version": "0.2.0",
      "dev": true,
      "license": "MIT",
      "dependencies": {
        "@aws-sdk/client-s3": "^3.529.1",
        "jiti": "^2.4.2",
        "newman": "^6.2.2",
        "open": "^10.1.0"
      },
      "bin": {
        "analytics-dashboard": "dist/cli.js"
      },
      "devDependencies": {
        "@types/newman": "*",
        "@types/node": "^20.11.0",
        "copyfiles": "^2.4.1",
        "typescript": "^5.3.3"
      },
      "engines": {
        "node": ">=18"
      }
    },
    "node_modules/historical-analytics-dashboard": {
      "resolved": "../..",
      "link": true
    }
  }
}
